
Microsoft Visual Studio Solution File, Format Version 12.00
# Visual Studio Version 17
VisualStudioVersion = 17.9.34701.34
MinimumVisualStudioVersion = 10.0.40219.1
Project("{FAE04EC0-301F-11D3-BF4B-00C04F79EFBC}") = "SistemaDeProdutividade.Domain", "SistemaDeProdutividade.Domain\SistemaDeProdutividade.Domain.csproj", "{E055281E-5247-4A82-A593-BBE7AB9AEFC9}"
EndProject
Project("{FAE04EC0-301F-11D3-BF4B-00C04F79EFBC}") = "SistemaDeProdutividade.Communication", "SistemaDeProdutividade.Communication\SistemaDeProdutividade.Communication.csproj", "{1B8F9192-087B-483A-A8FC-44FA9B5BD8C6}"
EndProject
Project("{FAE04EC0-301F-11D3-BF4B-00C04F79EFBC}") = "SistemaDeProdutividade.Exception", "SistemaDeProdutividade.Exception\SistemaDeProdutividade.Exception.csproj", "{AAB86F23-62B6-4247-96D6-D7BE151D85E7}"
EndProject
Project("{FAE04EC0-301F-11D3-BF4B-00C04F79EFBC}") = "SistemaDeProdutividade.Infrastructure", "SistemaDeProdutividade.Infrastructure\SistemaDeProdutividade.Infrastructure.csproj", "{87E13C8B-F924-4E25-872A-6EEBED755567}"
EndProject
Project("{FAE04EC0-301F-11D3-BF4B-00C04F79EFBC}") = "SistemaDeProdutividade.Application", "SistemaDeProdutividade.Application\SistemaDeProdutividade.Application.csproj", "{D5159EDF-97EE-4BDB-9B57-457DDE6440BE}"
EndProject
Project("{FAE04EC0-301F-11D3-BF4B-00C04F79EFBC}") = "SistemaDeProdutividade.API", "SistemaDeProdutividade.API\SistemaDeProdutividade.API.csproj", "{86ECD1DB-20F5-4851-A5D5-2DD5575002B5}"
EndProject
Global
	GlobalSection(SolutionConfigurationPlatforms) = preSolution
		Debug|Any CPU = Debug|Any CPU
		Release|Any CPU = Release|Any CPU
	EndGlobalSection
	GlobalSection(ProjectConfigurationPlatforms) = postSolution
		{E055281E-5247-4A82-A593-BBE7AB9AEFC9}.Debug|Any CPU.ActiveCfg = Debug|Any CPU
		{E055281E-5247-4A82-A593-BBE7AB9AEFC9}.Debug|Any CPU.Build.0 = Debug|Any CPU
		{E055281E-5247-4A82-A593-BBE7AB9AEFC9}.Release|Any CPU.ActiveCfg = Release|Any CPU
		{E055281E-5247-4A82-A593-BBE7AB9AEFC9}.Release|Any CPU.Build.0 = Release|Any CPU
		{1B8F9192-087B-483A-A8FC-44FA9B5BD8C6}.Debug|Any CPU.ActiveCfg = Debug|Any CPU
		{1B8F9192-087B-483A-A8FC-44FA9B5BD8C6}.Debug|Any CPU.Build.0 = Debug|Any CPU
		{1B8F9192-087B-483A-A8FC-44FA9B5BD8C6}.Release|Any CPU.ActiveCfg = Release|Any CPU
		{1B8F9192-087B-483A-A8FC-44FA9B5BD8C6}.Release|Any CPU.Build.0 = Release|Any CPU
		{AAB86F23-62B6-4247-96D6-D7BE151D85E7}.Debug|Any CPU.ActiveCfg = Debug|Any CPU
		{AAB86F23-62B6-4247-96D6-D7BE151D85E7}.Debug|Any CPU.Build.0 = Debug|Any CPU
		{AAB86F23-62B6-4247-96D6-D7BE151D85E7}.Release|Any CPU.ActiveCfg = Release|Any CPU
		{AAB86F23-62B6-4247-96D6-D7BE151D85E7}.Release|Any CPU.Build.0 = Release|Any CPU
		{87E13C8B-F924-4E25-872A-6EEBED755567}.Debug|Any CPU.ActiveCfg = Debug|Any CPU
		{87E13C8B-F924-4E25-872A-6EEBED755567}.Debug|Any CPU.Build.0 = Debug|Any CPU
		{87E13C8B-F924-4E25-872A-6EEBED755567}.Release|Any CPU.ActiveCfg = Release|Any CPU
		{87E13C8B-F924-4E25-872A-6EEBED755567}.Release|Any CPU.Build.0 = Release|Any CPU
		{D5159EDF-97EE-4BDB-9B57-457DDE6440BE}.Debug|Any CPU.ActiveCfg = Debug|Any CPU
		{D5159EDF-97EE-4BDB-9B57-457DDE6440BE}.Debug|Any CPU.Build.0 = Debug|Any CPU
		{D5159EDF-97EE-4BDB-9B57-457DDE6440BE}.Release|Any CPU.ActiveCfg = Release|Any CPU
		{D5159EDF-97EE-4BDB-9B57-457DDE6440BE}.Release|Any CPU.Build.0 = Release|Any CPU
		{86ECD1DB-20F5-4851-A5D5-2DD5575002B5}.Debug|Any CPU.ActiveCfg = Debug|Any CPU
		{86ECD1DB-20F5-4851-A5D5-2DD5575002B5}.Debug|Any CPU.Build.0 = Debug|Any CPU
		{86ECD1DB-20F5-4851-A5D5-2DD5575002B5}.Release|Any CPU.ActiveCfg = Release|Any CPU
		{86ECD1DB-20F5-4851-A5D5-2DD5575002B5}.Release|Any CPU.Build.0 = Release|Any CPU
	EndGlobalSection
	GlobalSection(SolutionProperties) = preSolution
		HideSolutionNode = FALSE
	EndGlobalSection
	GlobalSection(ExtensibilityGlobals) = postSolution
		SolutionGuid = {393646AD-4148-4533-8879-A7D60223713B}
	EndGlobalSection
EndGlobal
